
Microsoft Visual Studio Solution File, Format Version 12.00
# Visual Studio Version 17
VisualStudioVersion = 17.11.35208.52
MinimumVisualStudioVersion = 10.0.40219.1
Project("{FAE04EC0-301F-11D3-BF4B-00C04F79EFBC}") = "CLMBypass-DLL", "CLMBypass-DLL.csproj", "{F7CFDE5C-12CE-417F-80C8-0333F1B3A4EE}"
EndProject
Global
	GlobalSection(SolutionConfigurationPlatforms) = preSolution
		Debug|Any CPU = Debug|Any CPU
		Debug|x64 = Debug|x64
		Debug|x86 = Debug|x86
		Release|Any CPU = Release|Any CPU
		Release|x64 = Release|x64
		Release|x86 = Release|x86
	EndGlobalSection
	GlobalSection(ProjectConfigurationPlatforms) = postSolution
		{F7CFDE5C-12CE-417F-80C8-0333F1B3A4EE}.Debug|Any CPU.ActiveCfg = Release|Any CPU
		{F7CFDE5C-12CE-417F-80C8-0333F1B3A4EE}.Debug|Any CPU.Build.0 = Release|Any CPU
		{F7CFDE5C-12CE-417F-80C8-0333F1B3A4EE}.Debug|x64.ActiveCfg = Debug|x64
		{F7CFDE5C-12CE-417F-80C8-0333F1B3A4EE}.Debug|x64.Build.0 = Debug|x64
		{F7CFDE5C-12CE-417F-80C8-0333F1B3A4EE}.Debug|x86.ActiveCfg = Debug|x86
		{F7CFDE5C-12CE-417F-80C8-0333F1B3A4EE}.Debug|x86.Build.0 = Debug|x86
		{F7CFDE5C-12CE-417F-80C8-0333F1B3A4EE}.Release|Any CPU.ActiveCfg = Release|Any CPU
		{F7CFDE5C-12CE-417F-80C8-0333F1B3A4EE}.Release|Any CPU.Build.0 = Release|Any CPU
		{F7CFDE5C-12CE-417F-80C8-0333F1B3A4EE}.Release|x64.ActiveCfg = Release|x64
		{F7CFDE5C-12CE-417F-80C8-0333F1B3A4EE}.Release|x64.Build.0 = Release|x64
		{F7CFDE5C-12CE-417F-80C8-0333F1B3A4EE}.Release|x86.ActiveCfg = Release|x86
		{F7CFDE5C-12CE-417F-80C8-0333F1B3A4EE}.Release|x86.Build.0 = Release|x86
	EndGlobalSection
	GlobalSection(SolutionProperties) = preSolution
		HideSolutionNode = FALSE
	EndGlobalSection
	GlobalSection(ExtensibilityGlobals) = postSolution
		SolutionGuid = {D8700BA7-CBD5-4577-AD88-C72E0340CB19}
	EndGlobalSection
EndGlobal
